{
  "name": "heartcare-ai-worker",
  "version": "1.0.0",
  "lockfileVersion": 3,
  "requires": true,
  "packages": {
    "": {
      "name": "heartcare-ai-worker",
      "version": "1.0.0",
      "dependencies": {
        "@cloudflare/workers-types": "^4.20240117.0",
        "typescript": "^5.3.3"
      }
    },
    "node_modules/@cloudflare/workers-types": {
      "version": "4.20250124.3",
      "resolved": "https://registry.npmjs.org/@cloudflare/workers-types/-/workers-types-4.20250124.3.tgz",
      "integrity": "sha512-WRZ+ol4RnMroF3tc7en6w8b0MqLrmGnLr2LIhG8EWqIoy8MeYk5uhyNXMZ0WPBhwkRtDcTRwOt61xwnJrthskA==",
      "license": "MIT OR Apache-2.0"
    },
    "node_modules/typescript": {
      "version": "5.7.3",
      "resolved": "https://registry.npmjs.org/typescript/-/typescript-5.7.3.tgz",
      "integrity": "sha512-84MVSjMEHP+FQRPy3pX9sTVV/INIex71s9TL2Gm5FG/WG1SqXeKyZ0k7/blY/4FdOzI12CBy1vGc4og/eus0fw==",
      "license": "Apache-2.0",
      "bin": {
        "tsc": "bin/tsc",
        "tsserver": "bin/tsserver"
      },
      "engines": {
        "node": ">=14.17"
      }
    }
  }
}
